
Microsoft Visual Studio Solution File, Format Version 12.00
# Visual Studio Version 17
VisualStudioVersion = 17.14.36705.20 d17.14
MinimumVisualStudioVersion = 10.0.40219.1
Project("{FAE04EC0-301F-11D3-BF4B-00C04F79EFBC}") = "SmartMobility", "SmartMobility\SmartMobility.csproj", "{3EA9B3D4-CBC2-474B-B13C-0D69A947D6DC}"
EndProject
Global
	GlobalSection(SolutionConfigurationPlatforms) = preSolution
		Debug|Any CPU = Debug|Any CPU
		Release|Any CPU = Release|Any CPU
	EndGlobalSection
	GlobalSection(ProjectConfigurationPlatforms) = postSolution
		{3EA9B3D4-CBC2-474B-B13C-0D69A947D6DC}.Debug|Any CPU.ActiveCfg = Debug|Any CPU
		{3EA9B3D4-CBC2-474B-B13C-0D69A947D6DC}.Debug|Any CPU.Build.0 = Debug|Any CPU
		{3EA9B3D4-CBC2-474B-B13C-0D69A947D6DC}.Release|Any CPU.ActiveCfg = Release|Any CPU
		{3EA9B3D4-CBC2-474B-B13C-0D69A947D6DC}.Release|Any CPU.Build.0 = Release|Any CPU
	EndGlobalSection
	GlobalSection(SolutionProperties) = preSolution
		HideSolutionNode = FALSE
	EndGlobalSection
	GlobalSection(ExtensibilityGlobals) = postSolution
		SolutionGuid = {449B25BD-B020-418B-A556-4C83BEC402A5}
	EndGlobalSection
EndGlobal
